
Microsoft Visual Studio Solution File, Format Version 12.00
# Visual Studio 15
VisualStudioVersion = 15.0.27428.2037
MinimumVisualStudioVersion = 10.0.40219.1
Project("{FAE04EC0-301F-11D3-BF4B-00C04F79EFBC}") = "CommonInterviewQuestionsPractice", "CommonInterviewQuestionsPractice\CommonInterviewQuestionsPractice.csproj", "{55EE1F0D-6F20-4E88-90F6-6A8561E53D82}"
EndProject
Global
	GlobalSection(SolutionConfigurationPlatforms) = preSolution
		Debug|Any CPU = Debug|Any CPU
		Release|Any CPU = Release|Any CPU
	EndGlobalSection
	GlobalSection(ProjectConfigurationPlatforms) = postSolution
		{55EE1F0D-6F20-4E88-90F6-6A8561E53D82}.Debug|Any CPU.ActiveCfg = Debug|Any CPU
		{55EE1F0D-6F20-4E88-90F6-6A8561E53D82}.Debug|Any CPU.Build.0 = Debug|Any CPU
		{55EE1F0D-6F20-4E88-90F6-6A8561E53D82}.Release|Any CPU.ActiveCfg = Release|Any CPU
		{55EE1F0D-6F20-4E88-90F6-6A8561E53D82}.Release|Any CPU.Build.0 = Release|Any CPU
	EndGlobalSection
	GlobalSection(SolutionProperties) = preSolution
		HideSolutionNode = FALSE
	EndGlobalSection
	GlobalSection(ExtensibilityGlobals) = postSolution
		SolutionGuid = {FF09C3E8-7038-4BE7-AF8B-D3887652E9C2}
	EndGlobalSection
EndGlobal
